Microsoft Visual Studio Solution File, Format Version 12.00
# Visual Studio 15
VisualStudioVersion = 15.0.26430.4
MinimumVisualStudioVersion = 15.0.26124.0
Project("{9A19103F-16F7-4668-BE54-9A1E7A4F7556}") = "VGAudio", "VGAudio\VGAudio.csproj", "{2414DAA9-779C-4E7E-A97F-4DE09B22B88F}"
EndProject
Project("{9A19103F-16F7-4668-BE54-9A1E7A4F7556}") = "VGAudio.Cli", "VGAudio.Cli\VGAudio.Cli.csproj", "{7D5ED2F2-2521-431C-B7DA-AF47265E3F06}"
EndProject
Project("{FAE04EC0-301F-11D3-BF4B-00C04F79EFBC}") = "VGAudio.Uwp", "VGAudio.Uwp\VGAudio.Uwp.csproj", "{3A48060B-0339-434E-A35D-D6680E23C3AF}"
EndProject
Project("{9A19103F-16F7-4668-BE54-9A1E7A4F7556}") = "VGAudio.Tests", "VGAudio.Tests\VGAudio.Tests.csproj", "{FE3C83A1-1BEA-4CB3-BD50-D6EE9BCFA27C}"
EndProject
Project("{9A19103F-16F7-4668-BE54-9A1E7A4F7556}") = "VGAudio.Benchmark", "VGAudio.Benchmark\VGAudio.Benchmark.csproj", "{DFCAF2E7-1B33-4164-A4E1-3C095AB44E69}"
EndProject
Project("{FAE04EC0-301F-11D3-BF4B-00C04F79EFBC}") = "VGAudio.TestsLong", "VGAudio.TestsLong\VGAudio.TestsLong.csproj", "{B97DBEB5-1674-4ACE-A480-E734F86CC762}"
EndProject
Project("{FAE04EC0-301F-11D3-BF4B-00C04F79EFBC}") = "VGAudioAdx", "VGAudioAdx\VGAudioAdx.csproj", "{A595C5E4-C24B-4F7A-84A5-938C6D4145AD}"
EndProject
Global
	GlobalSection(SolutionConfigurationPlatforms) = preSolution
		Debug|Any CPU = Debug|Any CPU
		Debug|ARM = Debug|ARM
		Debug|x64 = Debug|x64
		Debug|x86 = Debug|x86
		Release|Any CPU = Release|Any CPU
		Release|ARM = Release|ARM
		Release|x64 = Release|x64
		Release|x86 = Release|x86
	EndGlobalSection
	GlobalSection(ProjectConfigurationPlatforms) = postSolution
		{2414DAA9-779C-4E7E-A97F-4DE09B22B88F}.Debug|Any CPU.ActiveCfg = Debug|Any CPU
		{2414DAA9-779C-4E7E-A97F-4DE09B22B88F}.Debug|Any CPU.Build.0 = Debug|Any CPU
		{2414DAA9-779C-4E7E-A97F-4DE09B22B88F}.Debug|ARM.ActiveCfg = Debug|Any CPU
		{2414DAA9-779C-4E7E-A97F-4DE09B22B88F}.Debug|ARM.Build.0 = Debug|Any CPU
		{2414DAA9-779C-4E7E-A97F-4DE09B22B88F}.Debug|x64.ActiveCfg = Debug|Any CPU
		{2414DAA9-779C-4E7E-A97F-4DE09B22B88F}.Debug|x64.Build.0 = Debug|Any CPU
		{2414DAA9-779C-4E7E-A97F-4DE09B22B88F}.Debug|x86.ActiveCfg = Debug|Any CPU
		{2414DAA9-779C-4E7E-A97F-4DE09B22B88F}.Debug|x86.Build.0 = Debug|Any CPU
		{2414DAA9-779C-4E7E-A97F-4DE09B22B88F}.Release|Any CPU.ActiveCfg = Release|Any CPU
		{2414DAA9-779C-4E7E-A97F-4DE09B22B88F}.Release|Any CPU.Build.0 = Release|Any CPU
		{2414DAA9-779C-4E7E-A97F-4DE09B22B88F}.Release|ARM.ActiveCfg = Release|Any CPU
		{2414DAA9-779C-4E7E-A97F-4DE09B22B88F}.Release|ARM.Build.0 = Release|Any CPU
		{2414DAA9-779C-4E7E-A97F-4DE09B22B88F}.Release|x64.ActiveCfg = Release|Any CPU
		{2414DAA9-779C-4E7E-A97F-4DE09B22B88F}.Release|x64.Build.0 = Release|Any CPU
		{2414DAA9-779C-4E7E-A97F-4DE09B22B88F}.Release|x86.ActiveCfg = Release|Any CPU
		{2414DAA9-779C-4E7E-A97F-4DE09B22B88F}.Release|x86.Build.0 = Release|Any CPU
		{7D5ED2F2-2521-431C-B7DA-AF47265E3F06}.Debug|Any CPU.ActiveCfg = Debug|Any CPU
		{7D5ED2F2-2521-431C-B7DA-AF47265E3F06}.Debug|Any CPU.Build.0 = Debug|Any CPU
		{7D5ED2F2-2521-431C-B7DA-AF47265E3F06}.Debug|ARM.ActiveCfg = Debug|Any CPU
		{7D5ED2F2-2521-431C-B7DA-AF47265E3F06}.Debug|ARM.Build.0 = Debug|Any CPU
		{7D5ED2F2-2521-431C-B7DA-AF47265E3F06}.Debug|x64.ActiveCfg = Debug|Any CPU
		{7D5ED2F2-2521-431C-B7DA-AF47265E3F06}.Debug|x64.Build.0 = Debug|Any CPU
		{7D5ED2F2-2521-431C-B7DA-AF47265E3F06}.Debug|x86.ActiveCfg = Debug|Any CPU
		{7D5ED2F2-2521-431C-B7DA-AF47265E3F06}.Debug|x86.Build.0 = Debug|Any CPU
		{7D5ED2F2-2521-431C-B7DA-AF47265E3F06}.Release|Any CPU.ActiveCfg = Release|Any CPU
		{7D5ED2F2-2521-431C-B7DA-AF47265E3F06}.Release|Any CPU.Build.0 = Release|Any CPU
		{7D5ED2F2-2521-431C-B7DA-AF47265E3F06}.Release|ARM.ActiveCfg = Release|Any CPU
		{7D5ED2F2-2521-431C-B7DA-AF47265E3F06}.Release|ARM.Build.0 = Release|Any CPU
		{7D5ED2F2-2521-431C-B7DA-AF47265E3F06}.Release|x64.ActiveCfg = Release|Any CPU
		{7D5ED2F2-2521-431C-B7DA-AF47265E3F06}.Release|x64.Build.0 = Release|Any CPU
		{7D5ED2F2-2521-431C-B7DA-AF47265E3F06}.Release|x86.ActiveCfg = Release|Any CPU
		{7D5ED2F2-2521-431C-B7DA-AF47265E3F06}.Release|x86.Build.0 = Release|Any CPU
		{3A48060B-0339-434E-A35D-D6680E23C3AF}.Debug|Any CPU.ActiveCfg = Debug|x86
		{3A48060B-0339-434E-A35D-D6680E23C3AF}.Debug|ARM.ActiveCfg = Debug|ARM
		{3A48060B-0339-434E-A35D-D6680E23C3AF}.Debug|ARM.Build.0 = Debug|ARM
		{3A48060B-0339-434E-A35D-D6680E23C3AF}.Debug|ARM.Deploy.0 = Debug|ARM
		{3A48060B-0339-434E-A35D-D6680E23C3AF}.Debug|x64.ActiveCfg = Debug|x64
		{3A48060B-0339-434E-A35D-D6680E23C3AF}.Debug|x64.Build.0 = Debug|x64
		{3A48060B-0339-434E-A35D-D6680E23C3AF}.Debug|x64.Deploy.0 = Debug|x64
		{3A48060B-0339-434E-A35D-D6680E23C3AF}.Debug|x86.ActiveCfg = Debug|x86
		{3A48060B-0339-434E-A35D-D6680E23C3AF}.Debug|x86.Build.0 = Debug|x86
		{3A48060B-0339-434E-A35D-D6680E23C3AF}.Debug|x86.Deploy.0 = Debug|x86
		{3A48060B-0339-434E-A35D-D6680E23C3AF}.Release|Any CPU.ActiveCfg = Release|x86
		{3A48060B-0339-434E-A35D-D6680E23C3AF}.Release|ARM.ActiveCfg = Release|ARM
		{3A48060B-0339-434E-A35D-D6680E23C3AF}.Release|ARM.Build.0 = Release|ARM
		{3A48060B-0339-434E-A35D-D6680E23C3AF}.Release|ARM.Deploy.0 = Release|ARM
		{3A48060B-0339-434E-A35D-D6680E23C3AF}.Release|x64.ActiveCfg = Release|x64
		{3A48060B-0339-434E-A35D-D6680E23C3AF}.Release|x64.Build.0 = Release|x64
		{3A48060B-0339-434E-A35D-D6680E23C3AF}.Release|x64.Deploy.0 = Release|x64
		{3A48060B-0339-434E-A35D-D6680E23C3AF}.Release|x86.ActiveCfg = Release|x86
		{3A48060B-0339-434E-A35D-D6680E23C3AF}.Release|x86.Build.0 = Release|x86
		{3A48060B-0339-434E-A35D-D6680E23C3AF}.Release|x86.Deploy.0 = Release|x86
		{FE3C83A1-1BEA-4CB3-BD50-D6EE9BCFA27C}.Debug|Any CPU.ActiveCfg = Debug|Any CPU
		{FE3C83A1-1BEA-4CB3-BD50-D6EE9BCFA27C}.Debug|Any CPU.Build.0 = Debug|Any CPU
		{FE3C83A1-1BEA-4CB3-BD50-D6EE9BCFA27C}.Debug|ARM.ActiveCfg = Debug|Any CPU
		{FE3C83A1-1BEA-4CB3-BD50-D6EE9BCFA27C}.Debug|ARM.Build.0 = Debug|Any CPU
		{FE3C83A1-1BEA-4CB3-BD50-D6EE9BCFA27C}.Debug|x64.ActiveCfg = Debug|Any CPU
		{FE3C83A1-1BEA-4CB3-BD50-D6EE9BCFA27C}.Debug|x64.Build.0 = Debug|Any CPU
		{FE3C83A1-1BEA-4CB3-BD50-D6EE9BCFA27C}.Debug|x86.ActiveCfg = Debug|Any CPU
		{FE3C83A1-1BEA-4CB3-BD50-D6EE9BCFA27C}.Debug|x86.Build.0 = Debug|Any CPU
		{FE3C83A1-1BEA-4CB3-BD50-D6EE9BCFA27C}.Release|Any CPU.ActiveCfg = Release|Any CPU
		{FE3C83A1-1BEA-4CB3-BD50-D6EE9BCFA27C}.Release|Any CPU.Build.0 = Release|Any CPU
		{FE3C83A1-1BEA-4CB3-BD50-D6EE9BCFA27C}.Release|ARM.ActiveCfg = Release|Any CPU
		{FE3C83A1-1BEA-4CB3-BD50-D6EE9BCFA27C}.Release|ARM.Build.0 = Release|Any CPU
		{FE3C83A1-1BEA-4CB3-BD50-D6EE9BCFA27C}.Release|x64.ActiveCfg = Release|Any CPU
		{FE3C83A1-1BEA-4CB3-BD50-D6EE9BCFA27C}.Release|x64.Build.0 = Release|Any CPU
		{FE3C83A1-1BEA-4CB3-BD50-D6EE9BCFA27C}.Release|x86.ActiveCfg = Release|Any CPU
		{FE3C83A1-1BEA-4CB3-BD50-D6EE9BCFA27C}.Release|x86.Build.0 = Release|Any CPU
		{DFCAF2E7-1B33-4164-A4E1-3C095AB44E69}.Debug|Any CPU.ActiveCfg = Debug|Any CPU
		{DFCAF2E7-1B33-4164-A4E1-3C095AB44E69}.Debug|Any CPU.Build.0 = Debug|Any CPU
		{DFCAF2E7-1B33-4164-A4E1-3C095AB44E69}.Debug|ARM.ActiveCfg = Debug|Any CPU
		{DFCAF2E7-1B33-4164-A4E1-3C095AB44E69}.Debug|ARM.Build.0 = Debug|Any CPU
		{DFCAF2E7-1B33-4164-A4E1-3C095AB44E69}.Debug|x64.ActiveCfg = Debug|Any CPU
		{DFCAF2E7-1B33-4164-A4E1-3C095AB44E69}.Debug|x64.Build.0 = Debug|Any CPU
		{DFCAF2E7-1B33-4164-A4E1-3C095AB44E69}.Debug|x86.ActiveCfg = Debug|Any CPU
		{DFCAF2E7-1B33-4164-A4E1-3C095AB44E69}.Debug|x86.Build.0 = Debug|Any CPU
		{DFCAF2E7-1B33-4164-A4E1-3C095AB44E69}.Release|Any CPU.ActiveCfg = Release|Any CPU
		{DFCAF2E7-1B33-4164-A4E1-3C095AB44E69}.Release|Any CPU.Build.0 = Release|Any CPU
		{DFCAF2E7-1B33-4164-A4E1-3C095AB44E69}.Release|ARM.ActiveCfg = Release|Any CPU
		{DFCAF2E7-1B33-4164-A4E1-3C095AB44E69}.Release|ARM.Build.0 = Release|Any CPU
		{DFCAF2E7-1B33-4164-A4E1-3C095AB44E69}.Release|x64.ActiveCfg = Release|Any CPU
		{DFCAF2E7-1B33-4164-A4E1-3C095AB44E69}.Release|x64.Build.0 = Release|Any CPU
		{DFCAF2E7-1B33-4164-A4E1-3C095AB44E69}.Release|x86.ActiveCfg = Release|Any CPU
		{DFCAF2E7-1B33-4164-A4E1-3C095AB44E69}.Release|x86.Build.0 = Release|Any CPU
		{B97DBEB5-1674-4ACE-A480-E734F86CC762}.Debug|Any CPU.ActiveCfg = Debug|Any CPU
		{B97DBEB5-1674-4ACE-A480-E734F86CC762}.Debug|Any CPU.Build.0 = Debug|Any CPU
		{B97DBEB5-1674-4ACE-A480-E734F86CC762}.Debug|ARM.ActiveCfg = Debug|Any CPU
		{B97DBEB5-1674-4ACE-A480-E734F86CC762}.Debug|ARM.Build.0 = Debug|Any CPU
		{B97DBEB5-1674-4ACE-A480-E734F86CC762}.Debug|x64.ActiveCfg = Debug|Any CPU
		{B97DBEB5-1674-4ACE-A480-E734F86CC762}.Debug|x64.Build.0 = Debug|Any CPU
		{B97DBEB5-1674-4ACE-A480-E734F86CC762}.Debug|x86.ActiveCfg = Debug|Any CPU
		{B97DBEB5-1674-4ACE-A480-E734F86CC762}.Debug|x86.Build.0 = Debug|Any CPU
		{B97DBEB5-1674-4ACE-A480-E734F86CC762}.Release|Any CPU.ActiveCfg = Release|Any CPU
		{B97DBEB5-1674-4ACE-A480-E734F86CC762}.Release|Any CPU.Build.0 = Release|Any CPU
		{B97DBEB5-1674-4ACE-A480-E734F86CC762}.Release|ARM.ActiveCfg = Release|Any CPU
		{B97DBEB5-1674-4ACE-A480-E734F86CC762}.Release|ARM.Build.0 = Release|Any CPU
		{B97DBEB5-1674-4ACE-A480-E734F86CC762}.Release|x64.ActiveCfg = Release|Any CPU
		{B97DBEB5-1674-4ACE-A480-E734F86CC762}.Release|x64.Build.0 = Release|Any CPU
		{B97DBEB5-1674-4ACE-A480-E734F86CC762}.Release|x86.ActiveCfg = Release|Any CPU
		{B97DBEB5-1674-4ACE-A480-E734F86CC762}.Release|x86.Build.0 = Release|Any CPU
		{A595C5E4-C24B-4F7A-84A5-938C6D4145AD}.Debug|Any CPU.ActiveCfg = Debug|Any CPU
		{A595C5E4-C24B-4F7A-84A5-938C6D4145AD}.Debug|Any CPU.Build.0 = Debug|Any CPU
		{A595C5E4-C24B-4F7A-84A5-938C6D4145AD}.Debug|ARM.ActiveCfg = Debug|Any CPU
		{A595C5E4-C24B-4F7A-84A5-938C6D4145AD}.Debug|ARM.Build.0 = Debug|Any CPU
		{A595C5E4-C24B-4F7A-84A5-938C6D4145AD}.Debug|x64.ActiveCfg = Debug|Any CPU
		{A595C5E4-C24B-4F7A-84A5-938C6D4145AD}.Debug|x64.Build.0 = Debug|Any CPU
		{A595C5E4-C24B-4F7A-84A5-938C6D4145AD}.Debug|x86.ActiveCfg = Debug|Any CPU
		{A595C5E4-C24B-4F7A-84A5-938C6D4145AD}.Debug|x86.Build.0 = Debug|Any CPU
		{A595C5E4-C24B-4F7A-84A5-938C6D4145AD}.Release|Any CPU.ActiveCfg = Release|Any CPU
		{A595C5E4-C24B-4F7A-84A5-938C6D4145AD}.Release|Any CPU.Build.0 = Release|Any CPU
		{A595C5E4-C24B-4F7A-84A5-938C6D4145AD}.Release|ARM.ActiveCfg = Release|Any CPU
		{A595C5E4-C24B-4F7A-84A5-938C6D4145AD}.Release|ARM.Build.0 = Release|Any CPU
		{A595C5E4-C24B-4F7A-84A5-938C6D4145AD}.Release|x64.ActiveCfg = Release|Any CPU
		{A595C5E4-C24B-4F7A-84A5-938C6D4145AD}.Release|x64.Build.0 = Release|Any CPU
		{A595C5E4-C24B-4F7A-84A5-938C6D4145AD}.Release|x86.ActiveCfg = Release|Any CPU
		{A595C5E4-C24B-4F7A-84A5-938C6D4145AD}.Release|x86.Build.0 = Release|Any CPU
	EndGlobalSection
	GlobalSection(SolutionProperties) = preSolution
		HideSolutionNode = FALSE
	EndGlobalSection
EndGlobal
