
Microsoft Visual Studio Solution File, Format Version 12.00
# Visual Studio 15
VisualStudioVersion = 15.0.26124.0
MinimumVisualStudioVersion = 15.0.26124.0
Project("{FAE04EC0-301F-11D3-BF4B-00C04F79EFBC}") = "VGAudio", "VGAudio\VGAudio.csproj", "{D5A3C073-E1B9-4EF1-AE56-A1B37120198B}"
EndProject
Project("{FAE04EC0-301F-11D3-BF4B-00C04F79EFBC}") = "VGAudio.Cli", "VGAudio.Cli\VGAudio.Cli.csproj", "{652EE0E7-ED26-414C-958E-06A1A234B3BB}"
EndProject
Project("{FAE04EC0-301F-11D3-BF4B-00C04F79EFBC}") = "VGAudio.Tests", "VGAudio.Tests\VGAudio.Tests.csproj", "{D59ABCB4-9609-4BA1-B20F-F71A4DA2DB27}"
EndProject
Global
	GlobalSection(SolutionProperties) = preSolution
		HideSolutionNode = FALSE
	EndGlobalSection
	GlobalSection(SolutionConfigurationPlatforms) = preSolution
		Debug|Any CPU = Debug|Any CPU
		Debug|x64 = Debug|x64
		Debug|x86 = Debug|x86
		Release|Any CPU = Release|Any CPU
		Release|x64 = Release|x64
		Release|x86 = Release|x86
	EndGlobalSection
	GlobalSection(ProjectConfigurationPlatforms) = postSolution
		{D5A3C073-E1B9-4EF1-AE56-A1B37120198B}.Debug|Any CPU.ActiveCfg = Debug|Any CPU
		{D5A3C073-E1B9-4EF1-AE56-A1B37120198B}.Debug|Any CPU.Build.0 = Debug|Any CPU
		{D5A3C073-E1B9-4EF1-AE56-A1B37120198B}.Debug|x64.ActiveCfg = Debug|x64
		{D5A3C073-E1B9-4EF1-AE56-A1B37120198B}.Debug|x64.Build.0 = Debug|x64
		{D5A3C073-E1B9-4EF1-AE56-A1B37120198B}.Debug|x86.ActiveCfg = Debug|x86
		{D5A3C073-E1B9-4EF1-AE56-A1B37120198B}.Debug|x86.Build.0 = Debug|x86
		{D5A3C073-E1B9-4EF1-AE56-A1B37120198B}.Release|Any CPU.ActiveCfg = Release|Any CPU
		{D5A3C073-E1B9-4EF1-AE56-A1B37120198B}.Release|Any CPU.Build.0 = Release|Any CPU
		{D5A3C073-E1B9-4EF1-AE56-A1B37120198B}.Release|x64.ActiveCfg = Release|x64
		{D5A3C073-E1B9-4EF1-AE56-A1B37120198B}.Release|x64.Build.0 = Release|x64
		{D5A3C073-E1B9-4EF1-AE56-A1B37120198B}.Release|x86.ActiveCfg = Release|x86
		{D5A3C073-E1B9-4EF1-AE56-A1B37120198B}.Release|x86.Build.0 = Release|x86
		{652EE0E7-ED26-414C-958E-06A1A234B3BB}.Debug|Any CPU.ActiveCfg = Debug|Any CPU
		{652EE0E7-ED26-414C-958E-06A1A234B3BB}.Debug|Any CPU.Build.0 = Debug|Any CPU
		{652EE0E7-ED26-414C-958E-06A1A234B3BB}.Debug|x64.ActiveCfg = Debug|x64
		{652EE0E7-ED26-414C-958E-06A1A234B3BB}.Debug|x64.Build.0 = Debug|x64
		{652EE0E7-ED26-414C-958E-06A1A234B3BB}.Debug|x86.ActiveCfg = Debug|x86
		{652EE0E7-ED26-414C-958E-06A1A234B3BB}.Debug|x86.Build.0 = Debug|x86
		{652EE0E7-ED26-414C-958E-06A1A234B3BB}.Release|Any CPU.ActiveCfg = Release|Any CPU
		{652EE0E7-ED26-414C-958E-06A1A234B3BB}.Release|Any CPU.Build.0 = Release|Any CPU
		{652EE0E7-ED26-414C-958E-06A1A234B3BB}.Release|x64.ActiveCfg = Release|x64
		{652EE0E7-ED26-414C-958E-06A1A234B3BB}.Release|x64.Build.0 = Release|x64
		{652EE0E7-ED26-414C-958E-06A1A234B3BB}.Release|x86.ActiveCfg = Release|x86
		{652EE0E7-ED26-414C-958E-06A1A234B3BB}.Release|x86.Build.0 = Release|x86
		{D59ABCB4-9609-4BA1-B20F-F71A4DA2DB27}.Debug|Any CPU.ActiveCfg = Debug|Any CPU
		{D59ABCB4-9609-4BA1-B20F-F71A4DA2DB27}.Debug|Any CPU.Build.0 = Debug|Any CPU
		{D59ABCB4-9609-4BA1-B20F-F71A4DA2DB27}.Debug|x64.ActiveCfg = Debug|x64
		{D59ABCB4-9609-4BA1-B20F-F71A4DA2DB27}.Debug|x64.Build.0 = Debug|x64
		{D59ABCB4-9609-4BA1-B20F-F71A4DA2DB27}.Debug|x86.ActiveCfg = Debug|x86
		{D59ABCB4-9609-4BA1-B20F-F71A4DA2DB27}.Debug|x86.Build.0 = Debug|x86
		{D59ABCB4-9609-4BA1-B20F-F71A4DA2DB27}.Release|Any CPU.ActiveCfg = Release|Any CPU
		{D59ABCB4-9609-4BA1-B20F-F71A4DA2DB27}.Release|Any CPU.Build.0 = Release|Any CPU
		{D59ABCB4-9609-4BA1-B20F-F71A4DA2DB27}.Release|x64.ActiveCfg = Release|x64
		{D59ABCB4-9609-4BA1-B20F-F71A4DA2DB27}.Release|x64.Build.0 = Release|x64
		{D59ABCB4-9609-4BA1-B20F-F71A4DA2DB27}.Release|x86.ActiveCfg = Release|x86
		{D59ABCB4-9609-4BA1-B20F-F71A4DA2DB27}.Release|x86.Build.0 = Release|x86
	EndGlobalSection
EndGlobal
